PODS:
  - Alamofire (4.4.0)
  - SwiftyJSON (3.1.4)
  - SwiftyTimer (2.0.0)

DEPENDENCIES:
  - Alamofire (~> 4.4)
  - SwiftyJSON (~> 3.1.4)
  - SwiftyTimer (~> 2.0.0)

SPEC CHECKSUMS:
  Alamofire: dc44b1600b800eb63da6a19039a0083d62a6a62d
  SwiftyJSON: c2842d878f95482ffceec5709abc3d05680c0220
  SwiftyTimer: 2efd74b060d69ad4f1496baf5bbedbe132125fcf

PODFILE CHECKSUM: e38cdd4f32edf8182730ad90be9ce7ea2c6a3291

COCOAPODS: 1.2.1
